
Microsoft Visual Studio Solution File, Format Version 12.00
# Visual Studio Version 17
VisualStudioVersion = 17.5.33516.290
MinimumVisualStudioVersion = 10.0.40219.1
Project("{9A19103F-16F7-4668-BE54-9A1E7A4F7556}") = "Mail", "Mail\Mail.csproj", "{9141FAAE-775E-440D-B530-8BF5867184C9}"
EndProject
Project("{9A19103F-16F7-4668-BE54-9A1E7A4F7556}") = "Mail.Business", "Mail.Business\Mail.Business.csproj", "{3E78A65A-4327-426E-A4E1-E827909F1064}"
EndProject
Project("{9A19103F-16F7-4668-BE54-9A1E7A4F7556}") = "Mail.Data", "Mail.Data\Mail.Data.csproj", "{92C06186-8683-4146-A386-A1276A2526C2}"
EndProject
Project("{FAE04EC0-301F-11D3-BF4B-00C04F79EFBC}") = "Mail.Entities", "Mail.Entities\Mail.Entities.csproj", "{9421F8E3-190E-4BF2-AED8-BBFF63D6828C}"
EndProject
Global
	GlobalSection(SolutionConfigurationPlatforms) = preSolution
		Debug|Any CPU = Debug|Any CPU
		Release|Any CPU = Release|Any CPU
	EndGlobalSection
	GlobalSection(ProjectConfigurationPlatforms) = postSolution
		{9141FAAE-775E-440D-B530-8BF5867184C9}.Debug|Any CPU.ActiveCfg = Debug|Any CPU
		{9141FAAE-775E-440D-B530-8BF5867184C9}.Debug|Any CPU.Build.0 = Debug|Any CPU
		{9141FAAE-775E-440D-B530-8BF5867184C9}.Release|Any CPU.ActiveCfg = Release|Any CPU
		{9141FAAE-775E-440D-B530-8BF5867184C9}.Release|Any CPU.Build.0 = Release|Any CPU
		{3E78A65A-4327-426E-A4E1-E827909F1064}.Debug|Any CPU.ActiveCfg = Debug|Any CPU
		{3E78A65A-4327-426E-A4E1-E827909F1064}.Debug|Any CPU.Build.0 = Debug|Any CPU
		{3E78A65A-4327-426E-A4E1-E827909F1064}.Release|Any CPU.ActiveCfg = Release|Any CPU
		{3E78A65A-4327-426E-A4E1-E827909F1064}.Release|Any CPU.Build.0 = Release|Any CPU
		{92C06186-8683-4146-A386-A1276A2526C2}.Debug|Any CPU.ActiveCfg = Debug|Any CPU
		{92C06186-8683-4146-A386-A1276A2526C2}.Debug|Any CPU.Build.0 = Debug|Any CPU
		{92C06186-8683-4146-A386-A1276A2526C2}.Release|Any CPU.ActiveCfg = Release|Any CPU
		{92C06186-8683-4146-A386-A1276A2526C2}.Release|Any CPU.Build.0 = Release|Any CPU
		{9421F8E3-190E-4BF2-AED8-BBFF63D6828C}.Debug|Any CPU.ActiveCfg = Debug|Any CPU
		{9421F8E3-190E-4BF2-AED8-BBFF63D6828C}.Debug|Any CPU.Build.0 = Debug|Any CPU
		{9421F8E3-190E-4BF2-AED8-BBFF63D6828C}.Release|Any CPU.ActiveCfg = Release|Any CPU
		{9421F8E3-190E-4BF2-AED8-BBFF63D6828C}.Release|Any CPU.Build.0 = Release|Any CPU
	EndGlobalSection
	GlobalSection(SolutionProperties) = preSolution
		HideSolutionNode = FALSE
	EndGlobalSection
	GlobalSection(ExtensibilityGlobals) = postSolution
		SolutionGuid = {25E991BA-2F64-47BB-95E3-9C8ACBA8AD5F}
	EndGlobalSection
EndGlobal
